
Microsoft Visual Studio Solution File, Format Version 12.00
# Visual Studio 15
VisualStudioVersion = 15.0.28307.779
MinimumVisualStudioVersion = 10.0.40219.1
Project("{FAE04EC0-301F-11D3-BF4B-00C04F79EFBC}") = "OC61domeServer2", "OC61domeServer2\OC61domeServer2.csproj", "{3689A2CB-94C5-4012-A5CF-7E7D1DD27143}"
EndProject
Project("{F184B08F-C81C-45F6-A57F-5ABD9991F28F}") = "OC61domeDriver2", "OC61domeDriver2\OC61domeDriver2.vbproj", "{71BB4DA7-4092-416D-89FE-97CD15207371}"
EndProject
Project("{F184B08F-C81C-45F6-A57F-5ABD9991F28F}") = "OC61testForm2", "OC61testForm2\OC61testForm2.vbproj", "{D1747C8D-F0CC-4B20-A0E4-517EBA497FA4}"
EndProject
Project("{F184B08F-C81C-45F6-A57F-5ABD9991F28F}") = "Peripheral_Controller", "Peripheral_Controller\Peripheral_Controller.vbproj", "{3D758B56-F64B-44D5-A2BF-631089A059FF}"
EndProject
Project("{FAE04EC0-301F-11D3-BF4B-00C04F79EFBC}") = "reactiveDemo", "reactiveDemo\reactiveDemo.csproj", "{A0806236-4A9D-4D77-8E03-92F755DCC603}"
EndProject
Project("{F184B08F-C81C-45F6-A57F-5ABD9991F28F}") = "PCemulator", "PCemulator\PCemulator.vbproj", "{7936ABBB-1938-458F-81FD-62805363F999}"
EndProject
Global
	GlobalSection(SolutionConfigurationPlatforms) = preSolution
		Debug|Any CPU = Debug|Any CPU
		Debug|x86 = Debug|x86
		Release|Any CPU = Release|Any CPU
		Release|x86 = Release|x86
	EndGlobalSection
	GlobalSection(ProjectConfigurationPlatforms) = postSolution
		{3689A2CB-94C5-4012-A5CF-7E7D1DD27143}.Debug|Any CPU.ActiveCfg = Debug|Any CPU
		{3689A2CB-94C5-4012-A5CF-7E7D1DD27143}.Debug|Any CPU.Build.0 = Debug|Any CPU
		{3689A2CB-94C5-4012-A5CF-7E7D1DD27143}.Debug|x86.ActiveCfg = Debug|x86
		{3689A2CB-94C5-4012-A5CF-7E7D1DD27143}.Debug|x86.Build.0 = Debug|x86
		{3689A2CB-94C5-4012-A5CF-7E7D1DD27143}.Release|Any CPU.ActiveCfg = Release|Any CPU
		{3689A2CB-94C5-4012-A5CF-7E7D1DD27143}.Release|Any CPU.Build.0 = Release|Any CPU
		{3689A2CB-94C5-4012-A5CF-7E7D1DD27143}.Release|x86.ActiveCfg = Release|x86
		{3689A2CB-94C5-4012-A5CF-7E7D1DD27143}.Release|x86.Build.0 = Release|x86
		{71BB4DA7-4092-416D-89FE-97CD15207371}.Debug|Any CPU.ActiveCfg = Debug|Any CPU
		{71BB4DA7-4092-416D-89FE-97CD15207371}.Debug|Any CPU.Build.0 = Debug|Any CPU
		{71BB4DA7-4092-416D-89FE-97CD15207371}.Debug|x86.ActiveCfg = Debug|x86
		{71BB4DA7-4092-416D-89FE-97CD15207371}.Debug|x86.Build.0 = Debug|x86
		{71BB4DA7-4092-416D-89FE-97CD15207371}.Release|Any CPU.ActiveCfg = Release|Any CPU
		{71BB4DA7-4092-416D-89FE-97CD15207371}.Release|Any CPU.Build.0 = Release|Any CPU
		{71BB4DA7-4092-416D-89FE-97CD15207371}.Release|x86.ActiveCfg = Release|x86
		{71BB4DA7-4092-416D-89FE-97CD15207371}.Release|x86.Build.0 = Release|x86
		{D1747C8D-F0CC-4B20-A0E4-517EBA497FA4}.Debug|Any CPU.ActiveCfg = Debug|Any CPU
		{D1747C8D-F0CC-4B20-A0E4-517EBA497FA4}.Debug|x86.ActiveCfg = Debug|x86
		{D1747C8D-F0CC-4B20-A0E4-517EBA497FA4}.Debug|x86.Build.0 = Debug|x86
		{D1747C8D-F0CC-4B20-A0E4-517EBA497FA4}.Release|Any CPU.ActiveCfg = Release|x86
		{D1747C8D-F0CC-4B20-A0E4-517EBA497FA4}.Release|x86.ActiveCfg = Release|x86
		{D1747C8D-F0CC-4B20-A0E4-517EBA497FA4}.Release|x86.Build.0 = Release|x86
		{3D758B56-F64B-44D5-A2BF-631089A059FF}.Debug|Any CPU.ActiveCfg = Debug|x86
		{3D758B56-F64B-44D5-A2BF-631089A059FF}.Debug|x86.ActiveCfg = Debug|x86
		{3D758B56-F64B-44D5-A2BF-631089A059FF}.Debug|x86.Build.0 = Debug|x86
		{3D758B56-F64B-44D5-A2BF-631089A059FF}.Release|Any CPU.ActiveCfg = Release|x86
		{3D758B56-F64B-44D5-A2BF-631089A059FF}.Release|x86.ActiveCfg = Release|x86
		{3D758B56-F64B-44D5-A2BF-631089A059FF}.Release|x86.Build.0 = Release|x86
		{A0806236-4A9D-4D77-8E03-92F755DCC603}.Debug|Any CPU.ActiveCfg = Debug|Any CPU
		{A0806236-4A9D-4D77-8E03-92F755DCC603}.Debug|Any CPU.Build.0 = Debug|Any CPU
		{A0806236-4A9D-4D77-8E03-92F755DCC603}.Debug|x86.ActiveCfg = Debug|Any CPU
		{A0806236-4A9D-4D77-8E03-92F755DCC603}.Debug|x86.Build.0 = Debug|Any CPU
		{A0806236-4A9D-4D77-8E03-92F755DCC603}.Release|Any CPU.ActiveCfg = Release|Any CPU
		{A0806236-4A9D-4D77-8E03-92F755DCC603}.Release|Any CPU.Build.0 = Release|Any CPU
		{A0806236-4A9D-4D77-8E03-92F755DCC603}.Release|x86.ActiveCfg = Release|Any CPU
		{A0806236-4A9D-4D77-8E03-92F755DCC603}.Release|x86.Build.0 = Release|Any CPU
		{7936ABBB-1938-458F-81FD-62805363F999}.Debug|Any CPU.ActiveCfg = Debug|Any CPU
		{7936ABBB-1938-458F-81FD-62805363F999}.Debug|Any CPU.Build.0 = Debug|Any CPU
		{7936ABBB-1938-458F-81FD-62805363F999}.Debug|x86.ActiveCfg = Debug|Any CPU
		{7936ABBB-1938-458F-81FD-62805363F999}.Debug|x86.Build.0 = Debug|Any CPU
		{7936ABBB-1938-458F-81FD-62805363F999}.Release|Any CPU.ActiveCfg = Release|Any CPU
		{7936ABBB-1938-458F-81FD-62805363F999}.Release|Any CPU.Build.0 = Release|Any CPU
		{7936ABBB-1938-458F-81FD-62805363F999}.Release|x86.ActiveCfg = Release|Any CPU
		{7936ABBB-1938-458F-81FD-62805363F999}.Release|x86.Build.0 = Release|Any CPU
	EndGlobalSection
	GlobalSection(SolutionProperties) = preSolution
		HideSolutionNode = FALSE
	EndGlobalSection
	GlobalSection(ExtensibilityGlobals) = postSolution
		SolutionGuid = {7628CC06-0CC4-456F-B63E-86D9ABFC8BA6}
	EndGlobalSection
EndGlobal
